
Microsoft Visual Studio Solution File, Format Version 12.00
# Visual Studio 2013
Project("{FAE04EC0-301F-11D3-BF4B-00C04F79EFBC}") = "UnityVS.Graph.CSharp", "UnityVS.Graph.CSharp.csproj", "{3F4F6C35-BC29-714D-3C31-6590847D6B55}"
EndProject
Project("{FAE04EC0-301F-11D3-BF4B-00C04F79EFBC}") = "UnityVS.Graph.CSharp.Plugins", "UnityVS.Graph.CSharp.Plugins.csproj", "{9579D2DB-C62C-95A7-B35C-EBB2BC1A6318}"
EndProject
Global
	GlobalSection(SolutionConfigurationPlatforms) = preSolution
		Debug|Any CPU = Debug|Any CPU
		Release|Any CPU = Release|Any CPU
	EndGlobalSection
	GlobalSection(ProjectConfigurationPlatforms) = postSolution
		{3F4F6C35-BC29-714D-3C31-6590847D6B55}.Debug|Any CPU.ActiveCfg = Debug|Any CPU
		{3F4F6C35-BC29-714D-3C31-6590847D6B55}.Debug|Any CPU.Build.0 = Debug|Any CPU
		{3F4F6C35-BC29-714D-3C31-6590847D6B55}.Release|Any CPU.ActiveCfg = Release|Any CPU
		{3F4F6C35-BC29-714D-3C31-6590847D6B55}.Release|Any CPU.Build.0 = Release|Any CPU
		{9579D2DB-C62C-95A7-B35C-EBB2BC1A6318}.Debug|Any CPU.ActiveCfg = Debug|Any CPU
		{9579D2DB-C62C-95A7-B35C-EBB2BC1A6318}.Debug|Any CPU.Build.0 = Debug|Any CPU
		{9579D2DB-C62C-95A7-B35C-EBB2BC1A6318}.Release|Any CPU.ActiveCfg = Release|Any CPU
		{9579D2DB-C62C-95A7-B35C-EBB2BC1A6318}.Release|Any CPU.Build.0 = Release|Any CPU
	EndGlobalSection
	GlobalSection(SolutionProperties) = preSolution
		HideSolutionNode = FALSE
	EndGlobalSection
EndGlobal
