Microsoft Visual Studio Solution File, Format Version 11.00
# Visual Studio 2008

Project("{832D95DF-1A7C-4A4E-66A9-D958544593C6}") = "EcoSystem", "Assembly-CSharp-firstpass.csproj", "{5E0C3B60-6372-41A5-EF99-C1D41C467168}"
EndProject
Project("{832D95DF-1A7C-4A4E-66A9-D958544593C6}") = "EcoSystem", "Assembly-CSharp.csproj", "{CA528DE6-C110-8A13-3FD2-D338C78D726A}"
EndProject
Project("{832D95DF-1A7C-4A4E-66A9-D958544593C6}") = "EcoSystem", "Assembly-CSharp-Editor.csproj", "{CEFBBA5F-F10A-BE0D-6DBA-74FAABF519B1}"
EndProject
Project("{832D95DF-1A7C-4A4E-66A9-D958544593C6}") = "EcoSystem", "Assembly-Boo-Editor.booproj", "{16270B28-E578-1833-48F6-7602BE0F3C42}"
EndProject
Project("{832D95DF-1A7C-4A4E-66A9-D958544593C6}") = "EcoSystem", "Assembly-UnityScript-firstpass.unityproj", "{000B5998-DF0F-38C1-E441-90AE54DCF73B}"
EndProject
Project("{832D95DF-1A7C-4A4E-66A9-D958544593C6}") = "EcoSystem", "Assembly-UnityScript-Editor.unityproj", "{29478EC2-EDCF-69D8-ED39-DB7B57C0010A}"
EndProject
Global
	GlobalSection(SolutionConfigurationPlatforms) = preSolution
		Debug|Any CPU = Debug|Any CPU
		Release|Any CPU = Release|Any CPU
	EndGlobalSection
	GlobalSection(ProjectConfigurationPlatforms) = postSolution
		{5E0C3B60-6372-41A5-EF99-C1D41C467168}.Debug|Any CPU.ActiveCfg = Debug|Any CPU
		{5E0C3B60-6372-41A5-EF99-C1D41C467168}.Debug|Any CPU.Build.0 = Debug|Any CPU
		{5E0C3B60-6372-41A5-EF99-C1D41C467168}.Release|Any CPU.ActiveCfg = Release|Any CPU
		{5E0C3B60-6372-41A5-EF99-C1D41C467168}.Release|Any CPU.Build.0 = Release|Any CPU
		{CA528DE6-C110-8A13-3FD2-D338C78D726A}.Debug|Any CPU.ActiveCfg = Debug|Any CPU
		{CA528DE6-C110-8A13-3FD2-D338C78D726A}.Debug|Any CPU.Build.0 = Debug|Any CPU
		{CA528DE6-C110-8A13-3FD2-D338C78D726A}.Release|Any CPU.ActiveCfg = Release|Any CPU
		{CA528DE6-C110-8A13-3FD2-D338C78D726A}.Release|Any CPU.Build.0 = Release|Any CPU
		{CEFBBA5F-F10A-BE0D-6DBA-74FAABF519B1}.Debug|Any CPU.ActiveCfg = Debug|Any CPU
		{CEFBBA5F-F10A-BE0D-6DBA-74FAABF519B1}.Debug|Any CPU.Build.0 = Debug|Any CPU
		{CEFBBA5F-F10A-BE0D-6DBA-74FAABF519B1}.Release|Any CPU.ActiveCfg = Release|Any CPU
		{CEFBBA5F-F10A-BE0D-6DBA-74FAABF519B1}.Release|Any CPU.Build.0 = Release|Any CPU
		{16270B28-E578-1833-48F6-7602BE0F3C42}.Debug|Any CPU.ActiveCfg = Debug|Any CPU
		{16270B28-E578-1833-48F6-7602BE0F3C42}.Debug|Any CPU.Build.0 = Debug|Any CPU
		{16270B28-E578-1833-48F6-7602BE0F3C42}.Release|Any CPU.ActiveCfg = Release|Any CPU
		{16270B28-E578-1833-48F6-7602BE0F3C42}.Release|Any CPU.Build.0 = Release|Any CPU
		{000B5998-DF0F-38C1-E441-90AE54DCF73B}.Debug|Any CPU.ActiveCfg = Debug|Any CPU
		{000B5998-DF0F-38C1-E441-90AE54DCF73B}.Debug|Any CPU.Build.0 = Debug|Any CPU
		{000B5998-DF0F-38C1-E441-90AE54DCF73B}.Release|Any CPU.ActiveCfg = Release|Any CPU
		{000B5998-DF0F-38C1-E441-90AE54DCF73B}.Release|Any CPU.Build.0 = Release|Any CPU
		{29478EC2-EDCF-69D8-ED39-DB7B57C0010A}.Debug|Any CPU.ActiveCfg = Debug|Any CPU
		{29478EC2-EDCF-69D8-ED39-DB7B57C0010A}.Debug|Any CPU.Build.0 = Debug|Any CPU
		{29478EC2-EDCF-69D8-ED39-DB7B57C0010A}.Release|Any CPU.ActiveCfg = Release|Any CPU
		{29478EC2-EDCF-69D8-ED39-DB7B57C0010A}.Release|Any CPU.Build.0 = Release|Any CPU
	EndGlobalSection
	GlobalSection(SolutionProperties) = preSolution
		HideSolutionNode = FALSE
	EndGlobalSection
																						GlobalSection(MonoDevelopProperties) = preSolution
		StartupItem = Assembly-CSharp.csproj
		Policies = $0
		$0.TextStylePolicy = $1
		$1.inheritsSet = null
		$1.scope = text/x-csharp
		$0.CSharpFormattingPolicy = $2
		$2.inheritsSet = Mono
		$2.inheritsScope = text/x-csharp
		$2.scope = text/x-csharp
		$0.TextStylePolicy = $3
		$3.FileWidth = 120
		$3.TabWidth = 4
		$3.EolMarker = Unix
		$3.inheritsSet = Mono
		$3.inheritsScope = text/plain
		$3.scope = text/plain
	EndGlobalSection

EndGlobal
